
Microsoft Visual Studio Solution File, Format Version 12.00
# Visual Studio 14
VisualStudioVersion = 14.0.25123.0
MinimumVisualStudioVersion = 10.0.40219.1
Project("{119FAC00-1286-426C-ADEC-292D2D319553}") = "Sitecore.Support.12975", "Sitecore.Support.12975\Sitecore.Support.12975.csproj", "{77F1D624-D267-4265-AA01-87CA4D218072}"
EndProject
Global
	GlobalSection(SolutionConfigurationPlatforms) = preSolution
		Debug|Any CPU = Debug|Any CPU
		Release|Any CPU = Release|Any CPU
	EndGlobalSection
	GlobalSection(ProjectConfigurationPlatforms) = postSolution
		{77F1D624-D267-4265-AA01-87CA4D218072}.Debug|Any CPU.ActiveCfg = Debug|Any CPU
		{77F1D624-D267-4265-AA01-87CA4D218072}.Debug|Any CPU.Build.0 = Debug|Any CPU
		{77F1D624-D267-4265-AA01-87CA4D218072}.Release|Any CPU.ActiveCfg = Release|Any CPU
		{77F1D624-D267-4265-AA01-87CA4D218072}.Release|Any CPU.Build.0 = Release|Any CPU
	EndGlobalSection
	GlobalSection(SolutionProperties) = preSolution
		HideSolutionNode = FALSE
	EndGlobalSection
EndGlobal
