
Microsoft Visual Studio Solution File, Format Version 12.00
# Visual Studio 14
VisualStudioVersion = 14.0.25123.0
MinimumVisualStudioVersion = 10.0.40219.1
Project("{21DB3AF2-E16B-402D-B282-EAF4B78E3A6C}") = "Sitecore.Support.12975", "Sitecore.Support.12975\Sitecore.Support.12975.csproj", "{E19FC405-2251-43BE-802E-316F95F6FD9D}"
EndProject
Global
	GlobalSection(SolutionConfigurationPlatforms) = preSolution
		Debug|Any CPU = Debug|Any CPU
		Release|Any CPU = Release|Any CPU
	EndGlobalSection
	GlobalSection(ProjectConfigurationPlatforms) = postSolution
		{E19FC405-2251-43BE-802E-316F95F6FD9D}.Debug|Any CPU.ActiveCfg = Debug|Any CPU
		{E19FC405-2251-43BE-802E-316F95F6FD9D}.Debug|Any CPU.Build.0 = Debug|Any CPU
		{E19FC405-2251-43BE-802E-316F95F6FD9D}.Release|Any CPU.ActiveCfg = Release|Any CPU
		{E19FC405-2251-43BE-802E-316F95F6FD9D}.Release|Any CPU.Build.0 = Release|Any CPU
	EndGlobalSection
	GlobalSection(SolutionProperties) = preSolution
		HideSolutionNode = FALSE
	EndGlobalSection
EndGlobal
